github.com/davecgh/go-spew v1.1.1 h1:vj9j/u1bqnvCEfJOwUhtlOARqs3+rkHYY13jYWTU97c=
github.com/iden3/go-iden3-crypto v0.0.15 h1:4MJYlrot1l31Fzlo2sF56u7EVFeHHJkxGXXZCtESgK4=
github.com/iden3/go-iden3-crypto v0.0.15/go.mod h1:dLpM4vEPJ3nDHzhWFXDjzkn1qHoBeOT/3UEhXsEsP3E=
github.com/iden3/go-rapidsnark/prover v0.0.10 h1:NvOfRPpex/k646UsqOcUy7a7uVl17t4ok9kWvpQg4+k=
github.com/iden3/go-rapidsnark/prover v0.0.10/go.mod h1:wgDsmKOGCuWGtgVtuW9ARWNguNr4NJAIyg2G7+uTax0=
github.com/iden3/go-rapidsnark/types v0.0.2 h1:CjJSrlbWchHzuMRdxSYrEh7n/akP+Z2PLNbwT5yBmQY=
github.com/iden3/go-rapidsnark/types v0.0.2/go.mod h1:ApgcaUxKIgSRA6fAeFxK7p+lgXXfG4oA2HN5DhFlfF4=
github.com/iden3/go-rapidsnark/witness/v2 v2.0.0 h1:mkY6VDfwKVJc83QGKmwVXY2LYepidPrFAxskrjr8UCs=
github.com/iden3/go-rapidsnark/witness/v2 v2.0.0/go.mod h1:3JRjqUfW1hgI9hzLDO0v8z/DUkR0ZUehhYLlnIfRxnA=
github.com/iden3/go-rapidsnark/witness/wasmer v0.0.0-20230524142950-0986cf057d4e h1:lqrevdLsG1k8ieaxgUQccf3unf73m3zmkHJ3oIdld90=
github.com/iden3/go-rapidsnark/witness/wasmer v0.0.0-20230524142950-0986cf057d4e/go.mod h1:WUtPVKXrhfZHJXavwId2+8J/fKMHQ92N0MZDxt8sfEA=
github.com/iden3/wasmer-go v0.0.1 h1:TZKh8Se8B/73PvWrcu+FTU9L1k5XYAmtFbioj7l0Uog=
github.com/iden3/wasmer-go v0.0.1/go.mod h1:ZnZBAO012M7o+Q1INXLRIxKQgEcH2FuwL0Iga8A4ufg=
github.com/leanovate/gopter v0.2.9 h1:fQjYxZaynp97ozCzfOyOuAGOU4aU/z37zf/tOujFk7c=
github.com/pmezard/go-difflib v1.0.0 h1:4DBwDE0NGyQoBHbLQYPwSUPoCMWR5BEzIk/f1lZbAQM=
github.com/stretchr/testify v1.8.2 h1:+h33VjcLVPDHtOdpUCuF+7gSuG3yGIftsP1YvFihtJ8=
golang.org/x/crypto v0.11.0 h1:6Ewdq3tDic1mg5xRO4milcWCfMVQhI4NkqWWvqejpuA=
golang.org/x/crypto v0.11.0/go.mod h1:xgJhtzW8F9jGdVFWZESrid1U1bjeNy4zgy5cRr/CIio=
golang.org/x/sys v0.10.0 h1:SqMFp9UcQJZa+pmYuAKjd9xq1f0j5rLcDIk0mj4qAsA=
golang.org/x/sys v0.10.0/go.mod h1:oPkhp1MJrh7nUepCBck5+mAzfO9JrbApNNgaTdGDITg=
gopkg.in/yaml.v3 v3.0.1 h1:fxVm/GzAzEWqLHuvctI91KS9hhNmmWOoWu0XTYJS7CA=
